{
  "name": "back",
  "lockfileVersion": 3,
  "requires": true,
  "packages": {
    "": {
      "devDependencies": {
        "@cspell/dict-clojure": "^2.0.6",
        "@cspell/dict-ru_ru": "^2.2.4"
      }
    },
    "node_modules/@cspell/dict-clojure": {
      "version": "2.0.6",
      "resolved": "https://registry.npmjs.org/@cspell/dict-clojure/-/dict-clojure-2.0.6.tgz",
      "integrity": "sha512-T0J9kz1ORAL7iqKiF7ImcFkBZZWsS1rHZ2wrmA2rZdBjJTAP94oYE3BN1hwjKxDcX69g3uwRRn+tN1ieO84Z3w==",
      "dev": true
    },
    "node_modules/@cspell/dict-ru_ru": {
      "version": "2.2.4",
      "resolved": "https://registry.npmjs.org/@cspell/dict-ru_ru/-/dict-ru_ru-2.2.4.tgz",
      "integrity": "sha512-Ub5Y318ZAaFJDAPgeImcLg8ksfthGhxMHsyHGkn9Uf3g9AZUlYsabs1HwgLmh9NtqDNjMlF52S9R11GFDdaWIw==",
      "dev": true
    }
  }
}
